
Microsoft Visual Studio Solution File, Format Version 12.00
Project("{FAE04EC0-301F-11D3-BF4B-00C04F79EFBC}") = "RIS.Data", "RIS.Data\RIS.Data.csproj", "{69F61630-E136-4873-8689-843C40FBC8D1}"
EndProject
Project("{FAE04EC0-301F-11D3-BF4B-00C04F79EFBC}") = "RIS.Core", "RIS.Core\RIS.Core.csproj", "{76A857AB-798E-49C6-B24B-9569826F0D4E}"
EndProject
Project("{FAE04EC0-301F-11D3-BF4B-00C04F79EFBC}") = "RIS.Main", "RIS.Main\RIS.Main.csproj", "{459C5986-004D-4520-8476-43BAB70FF211}"
EndProject
Global
	GlobalSection(SolutionConfigurationPlatforms) = preSolution
		Debug|Any CPU = Debug|Any CPU
		Release|Any CPU = Release|Any CPU
	EndGlobalSection
	GlobalSection(ProjectConfigurationPlatforms) = postSolution
		{69F61630-E136-4873-8689-843C40FBC8D1}.Debug|Any CPU.ActiveCfg = Debug|Any CPU
		{69F61630-E136-4873-8689-843C40FBC8D1}.Debug|Any CPU.Build.0 = Debug|Any CPU
		{69F61630-E136-4873-8689-843C40FBC8D1}.Release|Any CPU.ActiveCfg = Release|Any CPU
		{69F61630-E136-4873-8689-843C40FBC8D1}.Release|Any CPU.Build.0 = Release|Any CPU
		{76A857AB-798E-49C6-B24B-9569826F0D4E}.Debug|Any CPU.ActiveCfg = Debug|Any CPU
		{76A857AB-798E-49C6-B24B-9569826F0D4E}.Debug|Any CPU.Build.0 = Debug|Any CPU
		{76A857AB-798E-49C6-B24B-9569826F0D4E}.Release|Any CPU.ActiveCfg = Release|Any CPU
		{76A857AB-798E-49C6-B24B-9569826F0D4E}.Release|Any CPU.Build.0 = Release|Any CPU
		{459C5986-004D-4520-8476-43BAB70FF211}.Debug|Any CPU.ActiveCfg = Debug|Any CPU
		{459C5986-004D-4520-8476-43BAB70FF211}.Debug|Any CPU.Build.0 = Debug|Any CPU
		{459C5986-004D-4520-8476-43BAB70FF211}.Release|Any CPU.ActiveCfg = Release|Any CPU
		{459C5986-004D-4520-8476-43BAB70FF211}.Release|Any CPU.Build.0 = Release|Any CPU
	EndGlobalSection
EndGlobal
