
Microsoft Visual Studio Solution File, Format Version 12.00
Project("{FAE04EC0-301F-11D3-BF4B-00C04F79EFBC}") = "RP.Core", "RP.Core\RP.Core.csproj", "{0408DE02-C43A-400F-8D3C-0081DCB783FA}"
EndProject
Project("{FAE04EC0-301F-11D3-BF4B-00C04F79EFBC}") = "RP.Data", "RP.Data\RP.Data.csproj", "{A966D4E6-BDD1-47E7-BF0C-8DBF59A4C154}"
EndProject
Project("{FAE04EC0-301F-11D3-BF4B-00C04F79EFBC}") = "RP.API", "RP.API\RP.API.csproj", "{C594D779-D26A-4399-9FB9-4B6203B1BA95}"
EndProject
Project("{FAE04EC0-301F-11D3-BF4B-00C04F79EFBC}") = "RP.Application", "RP.Application\RP.Application.csproj", "{765B1E22-59D9-4907-BB3E-BCB6AE6B131F}"
EndProject
Global
	GlobalSection(SolutionConfigurationPlatforms) = preSolution
		Debug|Any CPU = Debug|Any CPU
		Release|Any CPU = Release|Any CPU
	EndGlobalSection
	GlobalSection(ProjectConfigurationPlatforms) = postSolution
		{0408DE02-C43A-400F-8D3C-0081DCB783FA}.Debug|Any CPU.ActiveCfg = Debug|Any CPU
		{0408DE02-C43A-400F-8D3C-0081DCB783FA}.Debug|Any CPU.Build.0 = Debug|Any CPU
		{0408DE02-C43A-400F-8D3C-0081DCB783FA}.Release|Any CPU.ActiveCfg = Release|Any CPU
		{0408DE02-C43A-400F-8D3C-0081DCB783FA}.Release|Any CPU.Build.0 = Release|Any CPU
		{A966D4E6-BDD1-47E7-BF0C-8DBF59A4C154}.Debug|Any CPU.ActiveCfg = Debug|Any CPU
		{A966D4E6-BDD1-47E7-BF0C-8DBF59A4C154}.Debug|Any CPU.Build.0 = Debug|Any CPU
		{A966D4E6-BDD1-47E7-BF0C-8DBF59A4C154}.Release|Any CPU.ActiveCfg = Release|Any CPU
		{A966D4E6-BDD1-47E7-BF0C-8DBF59A4C154}.Release|Any CPU.Build.0 = Release|Any CPU
		{C594D779-D26A-4399-9FB9-4B6203B1BA95}.Debug|Any CPU.ActiveCfg = Debug|Any CPU
		{C594D779-D26A-4399-9FB9-4B6203B1BA95}.Debug|Any CPU.Build.0 = Debug|Any CPU
		{C594D779-D26A-4399-9FB9-4B6203B1BA95}.Release|Any CPU.ActiveCfg = Release|Any CPU
		{C594D779-D26A-4399-9FB9-4B6203B1BA95}.Release|Any CPU.Build.0 = Release|Any CPU
		{765B1E22-59D9-4907-BB3E-BCB6AE6B131F}.Debug|Any CPU.ActiveCfg = Debug|Any CPU
		{765B1E22-59D9-4907-BB3E-BCB6AE6B131F}.Debug|Any CPU.Build.0 = Debug|Any CPU
		{765B1E22-59D9-4907-BB3E-BCB6AE6B131F}.Release|Any CPU.ActiveCfg = Release|Any CPU
		{765B1E22-59D9-4907-BB3E-BCB6AE6B131F}.Release|Any CPU.Build.0 = Release|Any CPU
	EndGlobalSection
EndGlobal
